
Microsoft Visual Studio Solution File, Format Version 12.00
# Visual Studio 14
VisualStudioVersion = 14.0.24720.0
MinimumVisualStudioVersion = 10.0.40219.1
Project("{FAE04EC0-301F-11D3-BF4B-00C04F79EFBC}") = "PioneerET.API", "PioneerET.API\PioneerET.API.csproj", "{FCE18E97-A38F-44EE-AA4C-75DA5EE18CFD}"
EndProject
Project("{FAE04EC0-301F-11D3-BF4B-00C04F79EFBC}") = "PioneerET.LDAP", "PioneerET.LDAP\PioneerET.LDAP.csproj", "{36F12C4B-0FC9-4F2D-85BB-CD5D69EAE54B}"
EndProject
Project("{FAE04EC0-301F-11D3-BF4B-00C04F79EFBC}") = "PioneerET.Models", "PioneerET.Models\PioneerET.Models.csproj", "{6FCB74E3-A10B-4243-99A0-2EF47FEDFE56}"
EndProject
Global
	GlobalSection(SolutionConfigurationPlatforms) = preSolution
		Debug|Any CPU = Debug|Any CPU
		Release|Any CPU = Release|Any CPU
	EndGlobalSection
	GlobalSection(ProjectConfigurationPlatforms) = postSolution
		{FCE18E97-A38F-44EE-AA4C-75DA5EE18CFD}.Debug|Any CPU.ActiveCfg = Debug|Any CPU
		{FCE18E97-A38F-44EE-AA4C-75DA5EE18CFD}.Debug|Any CPU.Build.0 = Debug|Any CPU
		{FCE18E97-A38F-44EE-AA4C-75DA5EE18CFD}.Release|Any CPU.ActiveCfg = Release|Any CPU
		{FCE18E97-A38F-44EE-AA4C-75DA5EE18CFD}.Release|Any CPU.Build.0 = Release|Any CPU
		{36F12C4B-0FC9-4F2D-85BB-CD5D69EAE54B}.Debug|Any CPU.ActiveCfg = Debug|Any CPU
		{36F12C4B-0FC9-4F2D-85BB-CD5D69EAE54B}.Debug|Any CPU.Build.0 = Debug|Any CPU
		{36F12C4B-0FC9-4F2D-85BB-CD5D69EAE54B}.Release|Any CPU.ActiveCfg = Release|Any CPU
		{36F12C4B-0FC9-4F2D-85BB-CD5D69EAE54B}.Release|Any CPU.Build.0 = Release|Any CPU
		{6FCB74E3-A10B-4243-99A0-2EF47FEDFE56}.Debug|Any CPU.ActiveCfg = Debug|Any CPU
		{6FCB74E3-A10B-4243-99A0-2EF47FEDFE56}.Debug|Any CPU.Build.0 = Debug|Any CPU
		{6FCB74E3-A10B-4243-99A0-2EF47FEDFE56}.Release|Any CPU.ActiveCfg = Release|Any CPU
		{6FCB74E3-A10B-4243-99A0-2EF47FEDFE56}.Release|Any CPU.Build.0 = Release|Any CPU
	EndGlobalSection
	GlobalSection(SolutionProperties) = preSolution
		HideSolutionNode = FALSE
	EndGlobalSection
EndGlobal
